
Microsoft Visual Studio Solution File, Format Version 12.00
# Visual Studio Version 17
VisualStudioVersion = 17.9.34723.18
MinimumVisualStudioVersion = 10.0.40219.1
Project("{FAE04EC0-301F-11D3-BF4B-00C04F79EFBC}") = "Listado_ProdClient", "Listado_ProdClient\Listado_ProdClient.csproj", "{64CF1DAE-E680-426A-8C02-60CB8ABF54D2}"
EndProject
Global
	GlobalSection(SolutionConfigurationPlatforms) = preSolution
		Debug|Any CPU = Debug|Any CPU
		Release|Any CPU = Release|Any CPU
	EndGlobalSection
	GlobalSection(ProjectConfigurationPlatforms) = postSolution
		{64CF1DAE-E680-426A-8C02-60CB8ABF54D2}.Debug|Any CPU.ActiveCfg = Debug|Any CPU
		{64CF1DAE-E680-426A-8C02-60CB8ABF54D2}.Debug|Any CPU.Build.0 = Debug|Any CPU
		{64CF1DAE-E680-426A-8C02-60CB8ABF54D2}.Release|Any CPU.ActiveCfg = Release|Any CPU
		{64CF1DAE-E680-426A-8C02-60CB8ABF54D2}.Release|Any CPU.Build.0 = Release|Any CPU
	EndGlobalSection
	GlobalSection(SolutionProperties) = preSolution
		HideSolutionNode = FALSE
	EndGlobalSection
	GlobalSection(ExtensibilityGlobals) = postSolution
		SolutionGuid = {82EB2A79-85BB-4C13-A252-7C64769C8433}
	EndGlobalSection
EndGlobal
